
Microsoft Visual Studio Solution File, Format Version 12.00
# Visual Studio Version 17
VisualStudioVersion = 17.14.36603.0 d17.14
MinimumVisualStudioVersion = 10.0.40219.1
Project("{FAE04EC0-301F-11D3-BF4B-00C04F79EFBC}") = "UDasurvManagementSystem", "UDasurvManagementSystem\UDasurvManagementSystem.csproj", "{76584BA4-EA71-4302-83A8-340C0A1035CF}"
EndProject
Global
	GlobalSection(SolutionConfigurationPlatforms) = preSolution
		Debug|Any CPU = Debug|Any CPU
		Release|Any CPU = Release|Any CPU
	EndGlobalSection
	GlobalSection(ProjectConfigurationPlatforms) = postSolution
		{76584BA4-EA71-4302-83A8-340C0A1035CF}.Debug|Any CPU.ActiveCfg = Debug|Any CPU
		{76584BA4-EA71-4302-83A8-340C0A1035CF}.Debug|Any CPU.Build.0 = Debug|Any CPU
		{76584BA4-EA71-4302-83A8-340C0A1035CF}.Release|Any CPU.ActiveCfg = Release|Any CPU
		{76584BA4-EA71-4302-83A8-340C0A1035CF}.Release|Any CPU.Build.0 = Release|Any CPU
	EndGlobalSection
	GlobalSection(SolutionProperties) = preSolution
		HideSolutionNode = FALSE
	EndGlobalSection
	GlobalSection(ExtensibilityGlobals) = postSolution
		SolutionGuid = {E6063CAD-2996-468D-9075-F7ABD47C901A}
	EndGlobalSection
EndGlobal
